
Microsoft Visual Studio Solution File, Format Version 12.00
# Visual Studio Version 17
VisualStudioVersion = 17.7.34024.191
MinimumVisualStudioVersion = 10.0.40219.1
Project("{FAE04EC0-301F-11D3-BF4B-00C04F79EFBC}") = "mTaskManager", "mTaskManager.csproj", "{67DCC567-676C-4883-9F73-EE600BA275F6}"
EndProject
Project("{FAE04EC0-301F-11D3-BF4B-00C04F79EFBC}") = "DomainTests", "..\DomainTests\DomainTests.csproj", "{04D51BA1-CC07-4653-9E27-2E4E4BF5AB3E}"
EndProject
Global
	GlobalSection(SolutionConfigurationPlatforms) = preSolution
		Debug|Any CPU = Debug|Any CPU
		Release|Any CPU = Release|Any CPU
	EndGlobalSection
	GlobalSection(ProjectConfigurationPlatforms) = postSolution
		{67DCC567-676C-4883-9F73-EE600BA275F6}.Debug|Any CPU.ActiveCfg = Debug|Any CPU
		{67DCC567-676C-4883-9F73-EE600BA275F6}.Debug|Any CPU.Build.0 = Debug|Any CPU
		{67DCC567-676C-4883-9F73-EE600BA275F6}.Release|Any CPU.ActiveCfg = Release|Any CPU
		{67DCC567-676C-4883-9F73-EE600BA275F6}.Release|Any CPU.Build.0 = Release|Any CPU
		{04D51BA1-CC07-4653-9E27-2E4E4BF5AB3E}.Debug|Any CPU.ActiveCfg = Debug|Any CPU
		{04D51BA1-CC07-4653-9E27-2E4E4BF5AB3E}.Debug|Any CPU.Build.0 = Debug|Any CPU
		{04D51BA1-CC07-4653-9E27-2E4E4BF5AB3E}.Release|Any CPU.ActiveCfg = Release|Any CPU
		{04D51BA1-CC07-4653-9E27-2E4E4BF5AB3E}.Release|Any CPU.Build.0 = Release|Any CPU
	EndGlobalSection
	GlobalSection(SolutionProperties) = preSolution
		HideSolutionNode = FALSE
	EndGlobalSection
	GlobalSection(ExtensibilityGlobals) = postSolution
		SolutionGuid = {BC4128AD-20E9-42C1-8D80-5FDC12B9B7FD}
	EndGlobalSection
EndGlobal
